// !$*UTF8*$!
{
	archiveVersion = 1;
	classes = {
	};
	objectVersion = 56;
	objects = {

/* Begin PBXBuildFile section */
		962165312C3ED58B0045652C /* Theme.swift in Sources */ = {isa = PBXBuildFile; fileRef = 962165302C3ED58B0045652C /* Theme.swift */; };
		962165332C3ED7FC0045652C /* DailyScrum.swift in Sources */ = {isa = PBXBuildFile; fileRef = 962165322C3ED7FC0045652C /* DailyScrum.swift */; };
		962165352C3ED9590045652C /* CardView.swift in Sources */ = {isa = PBXBuildFile; fileRef = 962165342C3ED9590045652C /* CardView.swift */; };
		962165372C3FC4370045652C /* TrailingIconLabelStyle.swift in Sources */ = {isa = PBXBuildFile; fileRef = 962165362C3FC4370045652C /* TrailingIconLabelStyle.swift */; };
		962165392C3FD7760045652C /* ScrumsView.swift in Sources */ = {isa = PBXBuildFile; fileRef = 962165382C3FD7760045652C /* ScrumsView.swift */; };
		9621653B2C401DF50045652C /* DetailView.swift in Sources */ = {isa = PBXBuildFile; fileRef = 9621653A2C401DF50045652C /* DetailView.swift */; };
		9621653D2C41691A0045652C /* DetailEditView.swift in Sources */ = {isa = PBXBuildFile; fileRef = 9621653C2C41691A0045652C /* DetailEditView.swift */; };
		96C1AAD72C3C0D9200DFB8B3 /* ScrumdingerApp.swift in Sources */ = {isa = PBXBuildFile; fileRef = 96C1AAD62C3C0D9200DFB8B3 /* ScrumdingerApp.swift */; };
		96C1AAD92C3C0D9200DFB8B3 /* MeetingView.swift in Sources */ = {isa = PBXBuildFile; fileRef = 96C1AAD82C3C0D9200DFB8B3 /* MeetingView.swift */; };
		96C1AADB2C3C0D9400DFB8B3 /* Assets.xcassets in Resources */ = {isa = PBXBuildFile; fileRef = 96C1AADA2C3C0D9400DFB8B3 /* Assets.xcassets */; };
		96C1AADE2C3C0D9400DFB8B3 /* Preview Assets.xcassets in Resources */ = {isa = PBXBuildFile; fileRef = 96C1AADD2C3C0D9400DFB8B3 /* Preview Assets.xcassets */; };
		96C1AAE82C3C0D9400DFB8B3 /* ScrumdingerTests.swift in Sources */ = {isa = PBXBuildFile; fileRef = 96C1AAE72C3C0D9400DFB8B3 /* ScrumdingerTests.swift */; };
		96C1AAF22C3C0D9400DFB8B3 /* ScrumdingerUITests.swift in Sources */ = {isa = PBXBuildFile; fileRef = 96C1AAF12C3C0D9400DFB8B3 /* ScrumdingerUITests.swift */; };
		96C1AAF42C3C0D9400DFB8B3 /* ScrumdingerUITestsLaunchTests.swift in Sources */ = {isa = PBXBuildFile; fileRef = 96C1AAF32C3C0D9400DFB8B3 /* ScrumdingerUITestsLaunchTests.swift */; };
		96E9CC0F2C445CCD00BCCB72 /* ThemePicker.swift in Sources */ = {isa = PBXBuildFile; fileRef = 96E9CC0E2C445CCD00BCCB72 /* ThemePicker.swift */; };
		96F0513D2C43C12D00B2E858 /* ThemeView.swift in Sources */ = {isa = PBXBuildFile; fileRef = 96F0513C2C43C12D00B2E858 /* ThemeView.swift */; };
/* End PBXBuildFile section */

/* Begin PBXContainerItemProxy section */
		96C1AAE42C3C0D9400DFB8B3 /* PBXContainerItemProxy */ = {
			isa = PBXContainerItemProxy;
			containerPortal = 96C1AACB2C3C0D9200DFB8B3 /* Project object */;
			proxyType = 1;
			remoteGlobalIDString = 96C1AAD22C3C0D9200DFB8B3;
			remoteInfo = Scrumdinger;
		};
		96C1AAEE2C3C0D9400DFB8B3 /* PBXContainerItemProxy */ = {
			isa = PBXContainerItemProxy;
			containerPortal = 96C1AACB2C3C0D9200DFB8B3 /* Project object */;
			proxyType = 1;
			remoteGlobalIDString = 96C1AAD22C3C0D9200DFB8B3;
			remoteInfo = Scrumdinger;
		};
/* End PBXContainerItemProxy section */

/* Begin PBXFileReference section */
		962165302C3ED58B0045652C /* Theme.swift */ = {isa = PBXFileReference; lastKnownFileType = sourcecode.swift; path = Theme.swift; sourceTree = "<group>"; };
		962165322C3ED7FC0045652C /* DailyScrum.swift */ = {isa = PBXFileReference; lastKnownFileType = sourcecode.swift; path = DailyScrum.swift; sourceTree = "<group>"; };
		962165342C3ED9590045652C /* CardView.swift */ = {isa = PBXFileReference; lastKnownFileType = sourcecode.swift; path = CardView.swift; sourceTree = "<group>"; };
		962165362C3FC4370045652C /* TrailingIconLabelStyle.swift */ = {isa = PBXFileReference; lastKnownFileType = sourcecode.swift; path = TrailingIconLabelStyle.swift; sourceTree = "<group>"; };
		962165382C3FD7760045652C /* ScrumsView.swift */ = {isa = PBXFileReference; lastKnownFileType = sourcecode.swift; path = ScrumsView.swift; sourceTree = "<group>"; };
		9621653A2C401DF50045652C /* DetailView.swift */ = {isa = PBXFileReference; lastKnownFileType = sourcecode.swift; path = DetailView.swift; sourceTree = "<group>"; };
		9621653C2C41691A0045652C /* DetailEditView.swift */ = {isa = PBXFileReference; lastKnownFileType = sourcecode.swift; path = DetailEditView.swift; sourceTree = "<group>"; };
		96C1AAD32C3C0D9200DFB8B3 /* Scrumdinger.app */ = {isa = PBXFileReference; explicitFileType = wrapper.application; includeInIndex = 0; path = Scrumdinger.app; sourceTree = BUILT_PRODUCTS_DIR; };
		96C1AAD62C3C0D9200DFB8B3 /* ScrumdingerApp.swift */ = {isa = PBXFileReference; lastKnownFileType = sourcecode.swift; path = ScrumdingerApp.swift; sourceTree = "<group>"; };
		96C1AAD82C3C0D9200DFB8B3 /* MeetingView.swift */ = {isa = PBXFileReference; lastKnownFileType = sourcecode.swift; path = MeetingView.swift; sourceTree = "<group>"; };
		96C1AADA2C3C0D9400DFB8B3 /* Assets.xcassets */ = {isa = PBXFileReference; lastKnownFileType = folder.assetcatalog; path = Assets.xcassets; sourceTree = "<group>"; };
		96C1AADD2C3C0D9400DFB8B3 /* Preview Assets.xcassets */ = {isa = PBXFileReference; lastKnownFileType = folder.assetcatalog; path = "Preview Assets.xcassets"; sourceTree = "<group>"; };
		96C1AAE32C3C0D9400DFB8B3 /* ScrumdingerTests.xctest */ = {isa = PBXFileReference; explicitFileType = wrapper.cfbundle; includeInIndex = 0; path = ScrumdingerTests.xctest; sourceTree = BUILT_PRODUCTS_DIR; };
		96C1AAE72C3C0D9400DFB8B3 /* ScrumdingerTests.swift */ = {isa = PBXFileReference; lastKnownFileType = sourcecode.swift; path = ScrumdingerTests.swift; sourceTree = "<group>"; };
		96C1AAED2C3C0D9400DFB8B3 /* ScrumdingerUITests.xctest */ = {isa = PBXFileReference; explicitFileType = wrapper.cfbundle; includeInIndex = 0; path = ScrumdingerUITests.xctest; sourceTree = BUILT_PRODUCTS_DIR; };
		96C1AAF12C3C0D9400DFB8B3 /* ScrumdingerUITests.swift */ = {isa = PBXFileReference; lastKnownFileType = sourcecode.swift; path = ScrumdingerUITests.swift; sourceTree = "<group>"; };
		96C1AAF32C3C0D9400DFB8B3 /* ScrumdingerUITestsLaunchTests.swift */ = {isa = PBXFileReference; lastKnownFileType = sourcecode.swift; path = ScrumdingerUITestsLaunchTests.swift; sourceTree = "<group>"; };
		96E9CC0E2C445CCD00BCCB72 /* ThemePicker.swift */ = {isa = PBXFileReference; lastKnownFileType = sourcecode.swift; path = ThemePicker.swift; sourceTree = "<group>"; };
		96F0513C2C43C12D00B2E858 /* ThemeView.swift */ = {isa = PBXFileReference; lastKnownFileType = sourcecode.swift; path = ThemeView.swift; sourceTree = "<group>"; };
/* End PBXFileReference section */

/* Begin PBXFrameworksBuildPhase section */
		96C1AAD02C3C0D9200DFB8B3 /* Frameworks */ = {
			isa = PBXFrameworksBuildPhase;
			buildActionMask = 2147483647;
			files = (
			);
			runOnlyForDeploymentPostprocessing = 0;
		};
		96C1AAE02C3C0D9400DFB8B3 /* Frameworks */ = {
			isa = PBXFrameworksBuildPhase;
			buildActionMask = 2147483647;
			files = (
			);
			runOnlyForDeploymentPostprocessing = 0;
		};
		96C1AAEA2C3C0D9400DFB8B3 /* Frameworks */ = {
			isa = PBXFrameworksBuildPhase;
			buildActionMask = 2147483647;
			files = (
			);
			runOnlyForDeploymentPostprocessing = 0;
		};
/* End PBXFrameworksBuildPhase section */

/* Begin PBXGroup section */
		9621652F2C3ED54E0045652C /* Models */ = {
			isa = PBXGroup;
			children = (
				962165302C3ED58B0045652C /* Theme.swift */,
				962165322C3ED7FC0045652C /* DailyScrum.swift */,
			);
			path = Models;
			sourceTree = "<group>";
		};
		9621653E2C43BF9A0045652C /* Views */ = {
			isa = PBXGroup;
			children = (
				962165342C3ED9590045652C /* CardView.swift */,
				9621653C2C41691A0045652C /* DetailEditView.swift */,
				9621653A2C401DF50045652C /* DetailView.swift */,
				96C1AAD82C3C0D9200DFB8B3 /* MeetingView.swift */,
				962165382C3FD7760045652C /* ScrumsView.swift */,
				96F0513C2C43C12D00B2E858 /* ThemeView.swift */,
				96E9CC0E2C445CCD00BCCB72 /* ThemePicker.swift */,
			);
			path = Views;
			sourceTree = "<group>";
		};
		96C1AACA2C3C0D9200DFB8B3 = {
			isa = PBXGroup;
			children = (
				96C1AAD52C3C0D9200DFB8B3 /* Scrumdinger */,
				96C1AAE62C3C0D9400DFB8B3 /* ScrumdingerTests */,
				96C1AAF02C3C0D9400DFB8B3 /* ScrumdingerUITests */,
				96C1AAD42C3C0D9200DFB8B3 /* Products */,
			);
			sourceTree = "<group>";
		};
		96C1AAD42C3C0D9200DFB8B3 /* Products */ = {
			isa = PBXGroup;
			children = (
				96C1AAD32C3C0D9200DFB8B3 /* Scrumdinger.app */,
				96C1AAE32C3C0D9400DFB8B3 /* ScrumdingerTests.xctest */,
				96C1AAED2C3C0D9400DFB8B3 /* ScrumdingerUITests.xctest */,
			);
			name = Products;
			sourceTree = "<group>";
		};
		96C1AAD52C3C0D9200DFB8B3 /* Scrumdinger */ = {
			isa = PBXGroup;
			children = (
				9621653E2C43BF9A0045652C /* Views */,
				9621652F2C3ED54E0045652C /* Models */,
				96C1AAD62C3C0D9200DFB8B3 /* ScrumdingerApp.swift */,
				962165362C3FC4370045652C /* TrailingIconLabelStyle.swift */,
				96C1AADA2C3C0D9400DFB8B3 /* Assets.xcassets */,
				96C1AADC2C3C0D9400DFB8B3 /* Preview Content */,
			);
			path = Scrumdinger;
			sourceTree = "<group>";
		};
		96C1AADC2C3C0D9400DFB8B3 /* Preview Content */ = {
			isa = PBXGroup;
			children = (
				96C1AADD2C3C0D9400DFB8B3 /* Preview Assets.xcassets */,
			);
			path = "Preview Content";
			sourceTree = "<group>";
		};
		96C1AAE62C3C0D9400DFB8B3 /* ScrumdingerTests */ = {
			isa = PBXGroup;
			children = (
				96C1AAE72C3C0D9400DFB8B3 /* ScrumdingerTests.swift */,
			);
			path = ScrumdingerTests;
			sourceTree = "<group>";
		};
		96C1AAF02C3C0D9400DFB8B3 /* ScrumdingerUITests */ = {
			isa = PBXGroup;
			children = (
				96C1AAF12C3C0D9400DFB8B3 /* ScrumdingerUITests.swift */,
				96C1AAF32C3C0D9400DFB8B3 /* ScrumdingerUITestsLaunchTests.swift */,
			);
			path = ScrumdingerUITests;
			sourceTree = "<group>";
		};
/* End PBXGroup section */

/* Begin PBXNativeTarget section */
		96C1AAD22C3C0D9200DFB8B3 /* Scrumdinger */ = {
			isa = PBXNativeTarget;
			buildConfigurationList = 96C1AAF72C3C0D9400DFB8B3 /* Build configuration list for PBXNativeTarget "Scrumdinger" */;
			buildPhases = (
				96C1AACF2C3C0D9200DFB8B3 /* Sources */,
				96C1AAD02C3C0D9200DFB8B3 /* Frameworks */,
				96C1AAD12C3C0D9200DFB8B3 /* Resources */,
			);
			buildRules = (
			);
			dependencies = (
			);
			name = Scrumdinger;
			productName = Scrumdinger;
			productReference = 96C1AAD32C3C0D9200DFB8B3 /* Scrumdinger.app */;
			productType = "com.apple.product-type.application";
		};
		96C1AAE22C3C0D9400DFB8B3 /* ScrumdingerTests */ = {
			isa = PBXNativeTarget;
			buildConfigurationList = 96C1AAFA2C3C0D9400DFB8B3 /* Build configuration list for PBXNativeTarget "ScrumdingerTests" */;
			buildPhases = (
				96C1AADF2C3C0D9400DFB8B3 /* Sources */,
				96C1AAE02C3C0D9400DFB8B3 /* Frameworks */,
				96C1AAE12C3C0D9400DFB8B3 /* Resources */,
			);
			buildRules = (
			);
			dependencies = (
				96C1AAE52C3C0D9400DFB8B3 /* PBXTargetDependency */,
			);
			name = ScrumdingerTests;
			productName = ScrumdingerTests;
			productReference = 96C1AAE32C3C0D9400DFB8B3 /* ScrumdingerTests.xctest */;
			productType = "com.apple.product-type.bundle.unit-test";
		};
		96C1AAEC2C3C0D9400DFB8B3 /* ScrumdingerUITests */ = {
			isa = PBXNativeTarget;
			buildConfigurationList = 96C1AAFD2C3C0D9400DFB8B3 /* Build configuration list for PBXNativeTarget "ScrumdingerUITests" */;
			buildPhases = (
				96C1AAE92C3C0D9400DFB8B3 /* Sources */,
				96C1AAEA2C3C0D9400DFB8B3 /* Frameworks */,
				96C1AAEB2C3C0D9400DFB8B3 /* Resources */,
			);
			buildRules = (
			);
			dependencies = (
				96C1AAEF2C3C0D9400DFB8B3 /* PBXTargetDependency */,
			);
			name = ScrumdingerUITests;
			productName = ScrumdingerUITests;
			productReference = 96C1AAED2C3C0D9400DFB8B3 /* ScrumdingerUITests.xctest */;
			productType = "com.apple.product-type.bundle.ui-testing";
		};
/* End PBXNativeTarget section */

/* Begin PBXProject section */
		96C1AACB2C3C0D9200DFB8B3 /* Project object */ = {
			isa = PBXProject;
			attributes = {
				BuildIndependentTargetsInParallel = 1;
				LastSwiftUpdateCheck = 1540;
				LastUpgradeCheck = 1540;
				TargetAttributes = {
					96C1AAD22C3C0D9200DFB8B3 = {
						CreatedOnToolsVersion = 15.4;
					};
					96C1AAE22C3C0D9400DFB8B3 = {
						CreatedOnToolsVersion = 15.4;
						TestTargetID = 96C1AAD22C3C0D9200DFB8B3;
					};
					96C1AAEC2C3C0D9400DFB8B3 = {
						CreatedOnToolsVersion = 15.4;
						TestTargetID = 96C1AAD22C3C0D9200DFB8B3;
					};
				};
			};
			buildConfigurationList = 96C1AACE2C3C0D9200DFB8B3 /* Build configuration list for PBXProject "Scrumdinger" */;
			compatibilityVersion = "Xcode 14.0";
			developmentRegion = en;
			hasScannedForEncodings = 0;
			knownRegions = (
				en,
				Base,
			);
			mainGroup = 96C1AACA2C3C0D9200DFB8B3;
			productRefGroup = 96C1AAD42C3C0D9200DFB8B3 /* Products */;
			projectDirPath = "";
			projectRoot = "";
			targets = (
				96C1AAD22C3C0D9200DFB8B3 /* Scrumdinger */,
				96C1AAE22C3C0D9400DFB8B3 /* ScrumdingerTests */,
				96C1AAEC2C3C0D9400DFB8B3 /* ScrumdingerUITests */,
			);
		};
/* End PBXProject section */

/* Begin PBXResourcesBuildPhase section */
		96C1AAD12C3C0D9200DFB8B3 /* Resources */ = {
			isa = PBXResourcesBuildPhase;
			buildActionMask = 2147483647;
			files = (
				96C1AADE2C3C0D9400DFB8B3 /* Preview Assets.xcassets in Resources */,
				96C1AADB2C3C0D9400DFB8B3 /* Assets.xcassets in Resources */,
			);
			runOnlyForDeploymentPostprocessing = 0;
		};
		96C1AAE12C3C0D9400DFB8B3 /* Resources */ = {
			isa = PBXResourcesBuildPhase;
			buildActionMask = 2147483647;
			files = (
			);
			runOnlyForDeploymentPostprocessing = 0;
		};
		96C1AAEB2C3C0D9400DFB8B3 /* Resources */ = {
			isa = PBXResourcesBuildPhase;
			buildActionMask = 2147483647;
			files = (
			);
			runOnlyForDeploymentPostprocessing = 0;
		};
/* End PBXResourcesBuildPhase section */

/* Begin PBXSourcesBuildPhase section */
		96C1AACF2C3C0D9200DFB8B3 /* Sources */ = {
			isa = PBXSourcesBuildPhase;
			buildActionMask = 2147483647;
			files = (
				96E9CC0F2C445CCD00BCCB72 /* ThemePicker.swift in Sources */,
				962165332C3ED7FC0045652C /* DailyScrum.swift in Sources */,
				9621653B2C401DF50045652C /* DetailView.swift in Sources */,
				9621653D2C41691A0045652C /* DetailEditView.swift in Sources */,
				962165372C3FC4370045652C /* TrailingIconLabelStyle.swift in Sources */,
				962165312C3ED58B0045652C /* Theme.swift in Sources */,
				962165392C3FD7760045652C /* ScrumsView.swift in Sources */,
				96C1AAD92C3C0D9200DFB8B3 /* MeetingView.swift in Sources */,
				96C1AAD72C3C0D9200DFB8B3 /* ScrumdingerApp.swift in Sources */,
				96F0513D2C43C12D00B2E858 /* ThemeView.swift in Sources */,
				962165352C3ED9590045652C /* CardView.swift in Sources */,
			);
			runOnlyForDeploymentPostprocessing = 0;
		};
		96C1AADF2C3C0D9400DFB8B3 /* Sources */ = {
			isa = PBXSourcesBuildPhase;
			buildActionMask = 2147483647;
			files = (
				96C1AAE82C3C0D9400DFB8B3 /* ScrumdingerTests.swift in Sources */,
			);
			runOnlyForDeploymentPostprocessing = 0;
		};
		96C1AAE92C3C0D9400DFB8B3 /* Sources */ = {
			isa = PBXSourcesBuildPhase;
			buildActionMask = 2147483647;
			files = (
				96C1AAF42C3C0D9400DFB8B3 /* ScrumdingerUITestsLaunchTests.swift in Sources */,
				96C1AAF22C3C0D9400DFB8B3 /* ScrumdingerUITests.swift in Sources */,
			);
			runOnlyForDeploymentPostprocessing = 0;
		};
/* End PBXSourcesBuildPhase section */

/* Begin PBXTargetDependency section */
		96C1AAE52C3C0D9400DFB8B3 /* PBXTargetDependency */ = {
			isa = PBXTargetDependency;
			target = 96C1AAD22C3C0D9200DFB8B3 /* Scrumdinger */;
			targetProxy = 96C1AAE42C3C0D9400DFB8B3 /* PBXContainerItemProxy */;
		};
		96C1AAEF2C3C0D9400DFB8B3 /* PBXTargetDependency */ = {
			isa = PBXTargetDependency;
			target = 96C1AAD22C3C0D9200DFB8B3 /* Scrumdinger */;
			targetProxy = 96C1AAEE2C3C0D9400DFB8B3 /* PBXContainerItemProxy */;
		};
/* End PBXTargetDependency section */

/* Begin XCBuildConfiguration section */
		96C1AAF52C3C0D9400DFB8B3 /* Debug */ = {
			isa = XCBuildConfiguration;
			buildSettings = {
				ALWAYS_SEARCH_USER_PATHS = NO;
				ASSETCATALOG_COMPILER_GENERATE_SWIFT_ASSET_SYMBOL_EXTENSIONS = YES;
				CLANG_ANALYZER_NONNULL = YES;
				CLANG_ANALYZER_NUMBER_OBJECT_CONVERSION = YES_AGGRESSIVE;
				CLANG_CXX_LANGUAGE_STANDARD = "gnu++20";
				CLANG_ENABLE_MODULES = YES;
				CLANG_ENABLE_OBJC_ARC = YES;
				CLANG_ENABLE_OBJC_WEAK = YES;
				CLANG_WARN_BLOCK_CAPTURE_AUTORELEASING = YES;
				CLANG_WARN_BOOL_CONVERSION = YES;
				CLANG_WARN_COMMA = YES;
				CLANG_WARN_CONSTANT_CONVERSION = YES;
				CLANG_WARN_DEPRECATED_OBJC_IMPLEMENTATIONS = YES;
				CLANG_WARN_DIRECT_OBJC_ISA_USAGE = YES_ERROR;
				CLANG_WARN_DOCUMENTATION_COMMENTS = YES;
				CLANG_WARN_EMPTY_BODY = YES;
				CLANG_WARN_ENUM_CONVERSION = YES;
				CLANG_WARN_INFINITE_RECURSION = YES;
				CLANG_WARN_INT_CONVERSION = YES;
				CLANG_WARN_NON_LITERAL_NULL_CONVERSION = YES;
				CLANG_WARN_OBJC_IMPLICIT_RETAIN_SELF = YES;
				CLANG_WARN_OBJC_LITERAL_CONVERSION = YES;
				CLANG_WARN_OBJC_ROOT_CLASS = YES_ERROR;
				CLANG_WARN_QUOTED_INCLUDE_IN_FRAMEWORK_HEADER = YES;
				CLANG_WARN_RANGE_LOOP_ANALYSIS = YES;
				CLANG_WARN_STRICT_PROTOTYPES = YES;
				CLANG_WARN_SUSPICIOUS_MOVE = YES;
				CLANG_WARN_UNGUARDED_AVAILABILITY = YES_AGGRESSIVE;
				CLANG_WARN_UNREACHABLE_CODE = YES;
				CLANG_WARN__DUPLICATE_METHOD_MATCH = YES;
				COPY_PHASE_STRIP = NO;
				DEBUG_INFORMATION_FORMAT = dwarf;
				ENABLE_STRICT_OBJC_MSGSEND = YES;
				ENABLE_TESTABILITY = YES;
				ENABLE_USER_SCRIPT_SANDBOXING = YES;
				GCC_C_LANGUAGE_STANDARD = gnu17;
				GCC_DYNAMIC_NO_PIC = NO;
				GCC_NO_COMMON_BLOCKS = YES;
				GCC_OPTIMIZATION_LEVEL = 0;
				GCC_PREPROCESSOR_DEFINITIONS = (
					"DEBUG=1",
					"$(inherited)",
				);
				GCC_WARN_64_TO_32_BIT_CONVERSION = YES;
				GCC_WARN_ABOUT_RETURN_TYPE = YES_ERROR;
				GCC_WARN_UNDECLARED_SELECTOR = YES;
				GCC_WARN_UNINITIALIZED_AUTOS = YES_AGGRESSIVE;
				GCC_WARN_UNUSED_FUNCTION = YES;
				GCC_WARN_UNUSED_VARIABLE = YES;
				IPHONEOS_DEPLOYMENT_TARGET = 17.5;
				LOCALIZATION_PREFERS_STRING_CATALOGS = YES;
				MTL_ENABLE_DEBUG_INFO = INCLUDE_SOURCE;
				MTL_FAST_MATH = YES;
				ONLY_ACTIVE_ARCH = YES;
				SDKROOT = iphoneos;
				SWIFT_ACTIVE_COMPILATION_CONDITIONS = "DEBUG $(inherited)";
				SWIFT_OPTIMIZATION_LEVEL = "-Onone";
			};
			name = Debug;
		};
		96C1AAF62C3C0D9400DFB8B3 /* Release */ = {
			isa = XCBuildConfiguration;
			buildSettings = {
				ALWAYS_SEARCH_USER_PATHS = NO;
				ASSETCATALOG_COMPILER_GENERATE_SWIFT_ASSET_SYMBOL_EXTENSIONS = YES;
				CLANG_ANALYZER_NONNULL = YES;
				CLANG_ANALYZER_NUMBER_OBJECT_CONVERSION = YES_AGGRESSIVE;
				CLANG_CXX_LANGUAGE_STANDARD = "gnu++20";
				CLANG_ENABLE_MODULES = YES;
				CLANG_ENABLE_OBJC_ARC = YES;
				CLANG_ENABLE_OBJC_WEAK = YES;
				CLANG_WARN_BLOCK_CAPTURE_AUTORELEASING = YES;
				CLANG_WARN_BOOL_CONVERSION = YES;
				CLANG_WARN_COMMA = YES;
				CLANG_WARN_CONSTANT_CONVERSION = YES;
				CLANG_WARN_DEPRECATED_OBJC_IMPLEMENTATIONS = YES;
				CLANG_WARN_DIRECT_OBJC_ISA_USAGE = YES_ERROR;
				CLANG_WARN_DOCUMENTATION_COMMENTS = YES;
				CLANG_WARN_EMPTY_BODY = YES;
				CLANG_WARN_ENUM_CONVERSION = YES;
				CLANG_WARN_INFINITE_RECURSION = YES;
				CLANG_WARN_INT_CONVERSION = YES;
				CLANG_WARN_NON_LITERAL_NULL_CONVERSION = YES;
				CLANG_WARN_OBJC_IMPLICIT_RETAIN_SELF = YES;
				CLANG_WARN_OBJC_LITERAL_CONVERSION = YES;
				CLANG_WARN_OBJC_ROOT_CLASS = YES_ERROR;
				CLANG_WARN_QUOTED_INCLUDE_IN_FRAMEWORK_HEADER = YES;
				CLANG_WARN_RANGE_LOOP_ANALYSIS = YES;
				CLANG_WARN_STRICT_PROTOTYPES = YES;
				CLANG_WARN_SUSPICIOUS_MOVE = YES;
				CLANG_WARN_UNGUARDED_AVAILABILITY = YES_AGGRESSIVE;
				CLANG_WARN_UNREACHABLE_CODE = YES;
				CLANG_WARN__DUPLICATE_METHOD_MATCH = YES;
				COPY_PHASE_STRIP = NO;
				DEBUG_INFORMATION_FORMAT = "dwarf-with-dsym";
				ENABLE_NS_ASSERTIONS = NO;
				ENABLE_STRICT_OBJC_MSGSEND = YES;
				ENABLE_USER_SCRIPT_SANDBOXING = YES;
				GCC_C_LANGUAGE_STANDARD = gnu17;
				GCC_NO_COMMON_BLOCKS = YES;
				GCC_WARN_64_TO_32_BIT_CONVERSION = YES;
				GCC_WARN_ABOUT_RETURN_TYPE = YES_ERROR;
				GCC_WARN_UNDECLARED_SELECTOR = YES;
				GCC_WARN_UNINITIALIZED_AUTOS = YES_AGGRESSIVE;
				GCC_WARN_UNUSED_FUNCTION = YES;
				GCC_WARN_UNUSED_VARIABLE = YES;
				IPHONEOS_DEPLOYMENT_TARGET = 17.5;
				LOCALIZATION_PREFERS_STRING_CATALOGS = YES;
				MTL_ENABLE_DEBUG_INFO = NO;
				MTL_FAST_MATH = YES;
				SDKROOT = iphoneos;
				SWIFT_COMPILATION_MODE = wholemodule;
				VALIDATE_PRODUCT = YES;
			};
			name = Release;
		};
		96C1AAF82C3C0D9400DFB8B3 /* Debug */ = {
			isa = XCBuildConfiguration;
			buildSettings = {
				ASSETCATALOG_COMPILER_APPICON_NAME = AppIcon;
				ASSETCATALOG_COMPILER_GLOBAL_ACCENT_COLOR_NAME = AccentColor;
				CODE_SIGN_STYLE = Automatic;
				CURRENT_PROJECT_VERSION = 1;
				DEVELOPMENT_ASSET_PATHS = "\"Scrumdinger/Preview Content\"";
				DEVELOPMENT_TEAM = MDXK242424;
				ENABLE_PREVIEWS = YES;
				GENERATE_INFOPLIST_FILE = YES;
				INFOPLIST_KEY_UIApplicationSceneManifest_Generation = YES;
				INFOPLIST_KEY_UIApplicationSupportsIndirectInputEvents = YES;
				INFOPLIST_KEY_UILaunchScreen_Generation = YES;
				INFOPLIST_KEY_UISupportedInterfaceOrientations_iPad = "UIInterfaceOrientationPortrait UIInterfaceOrientationPortraitUpsideDown UIInterfaceOrientationLandscapeLeft UIInterfaceOrientationLandscapeRight";
				INFOPLIST_KEY_UISupportedInterfaceOrientations_iPhone = "UIInterfaceOrientationPortrait UIInterfaceOrientationLandscapeLeft UIInterfaceOrientationLandscapeRight";
				LD_RUNPATH_SEARCH_PATHS = (
					"$(inherited)",
					"@executable_path/Frameworks",
				);
				MARKETING_VERSION = 1.0;
				PRODUCT_BUNDLE_IDENTIFIER = mufyaheer.dev.Scrumdinger;
				PRODUCT_NAME = "$(TARGET_NAME)";
				SWIFT_EMIT_LOC_STRINGS = YES;
				SWIFT_VERSION = 5.0;
				TARGETED_DEVICE_FAMILY = "1,2";
			};
			name = Debug;
		};
		96C1AAF92C3C0D9400DFB8B3 /* Release */ = {
			isa = XCBuildConfiguration;
			buildSettings = {
				ASSETCATALOG_COMPILER_APPICON_NAME = AppIcon;
				ASSETCATALOG_COMPILER_GLOBAL_ACCENT_COLOR_NAME = AccentColor;
				CODE_SIGN_STYLE = Automatic;
				CURRENT_PROJECT_VERSION = 1;
				DEVELOPMENT_ASSET_PATHS = "\"Scrumdinger/Preview Content\"";
				DEVELOPMENT_TEAM = MDXK242424;
				ENABLE_PREVIEWS = YES;
				GENERATE_INFOPLIST_FILE = YES;
				INFOPLIST_KEY_UIApplicationSceneManifest_Generation = YES;
				INFOPLIST_KEY_UIApplicationSupportsIndirectInputEvents = YES;
				INFOPLIST_KEY_UILaunchScreen_Generation = YES;
				INFOPLIST_KEY_UISupportedInterfaceOrientations_iPad = "UIInterfaceOrientationPortrait UIInterfaceOrientationPortraitUpsideDown UIInterfaceOrientationLandscapeLeft UIInterfaceOrientationLandscapeRight";
				INFOPLIST_KEY_UISupportedInterfaceOrientations_iPhone = "UIInterfaceOrientationPortrait UIInterfaceOrientationLandscapeLeft UIInterfaceOrientationLandscapeRight";
				LD_RUNPATH_SEARCH_PATHS = (
					"$(inherited)",
					"@executable_path/Frameworks",
				);
				MARKETING_VERSION = 1.0;
				PRODUCT_BUNDLE_IDENTIFIER = mufyaheer.dev.Scrumdinger;
				PRODUCT_NAME = "$(TARGET_NAME)";
				SWIFT_EMIT_LOC_STRINGS = YES;
				SWIFT_VERSION = 5.0;
				TARGETED_DEVICE_FAMILY = "1,2";
			};
			name = Release;
		};
		96C1AAFB2C3C0D9400DFB8B3 /* Debug */ = {
			isa = XCBuildConfiguration;
			buildSettings = {
				ALWAYS_EMBED_SWIFT_STANDARD_LIBRARIES = YES;
				BUNDLE_LOADER = "$(TEST_HOST)";
				CODE_SIGN_STYLE = Automatic;
				CURRENT_PROJECT_VERSION = 1;
				GENERATE_INFOPLIST_FILE = YES;
				IPHONEOS_DEPLOYMENT_TARGET = 17.5;
				MARKETING_VERSION = 1.0;
				PRODUCT_BUNDLE_IDENTIFIER = mufyaheer.dev.ScrumdingerTests;
				PRODUCT_NAME = "$(TARGET_NAME)";
				SWIFT_EMIT_LOC_STRINGS = NO;
				SWIFT_VERSION = 5.0;
				TARGETED_DEVICE_FAMILY = "1,2";
				TEST_HOST = "$(BUILT_PRODUCTS_DIR)/Scrumdinger.app/$(BUNDLE_EXECUTABLE_FOLDER_PATH)/Scrumdinger";
			};
			name = Debug;
		};
		96C1AAFC2C3C0D9400DFB8B3 /* Release */ = {
			isa = XCBuildConfiguration;
			buildSettings = {
				ALWAYS_EMBED_SWIFT_STANDARD_LIBRARIES = YES;
				BUNDLE_LOADER = "$(TEST_HOST)";
				CODE_SIGN_STYLE = Automatic;
				CURRENT_PROJECT_VERSION = 1;
				GENERATE_INFOPLIST_FILE = YES;
				IPHONEOS_DEPLOYMENT_TARGET = 17.5;
				MARKETING_VERSION = 1.0;
				PRODUCT_BUNDLE_IDENTIFIER = mufyaheer.dev.ScrumdingerTests;
				PRODUCT_NAME = "$(TARGET_NAME)";
				SWIFT_EMIT_LOC_STRINGS = NO;
				SWIFT_VERSION = 5.0;
				TARGETED_DEVICE_FAMILY = "1,2";
				TEST_HOST = "$(BUILT_PRODUCTS_DIR)/Scrumdinger.app/$(BUNDLE_EXECUTABLE_FOLDER_PATH)/Scrumdinger";
			};
			name = Release;
		};
		96C1AAFE2C3C0D9400DFB8B3 /* Debug */ = {
			isa = XCBuildConfiguration;
			buildSettings = {
				ALWAYS_EMBED_SWIFT_STANDARD_LIBRARIES = YES;
				CODE_SIGN_STYLE = Automatic;
				CURRENT_PROJECT_VERSION = 1;
				GENERATE_INFOPLIST_FILE = YES;
				MARKETING_VERSION = 1.0;
				PRODUCT_BUNDLE_IDENTIFIER = mufyaheer.dev.ScrumdingerUITests;
				PRODUCT_NAME = "$(TARGET_NAME)";
				SWIFT_EMIT_LOC_STRINGS = NO;
				SWIFT_VERSION = 5.0;
				TARGETED_DEVICE_FAMILY = "1,2";
				TEST_TARGET_NAME = Scrumdinger;
			};
			name = Debug;
		};
		96C1AAFF2C3C0D9400DFB8B3 /* Release */ = {
			isa = XCBuildConfiguration;
			buildSettings = {
				ALWAYS_EMBED_SWIFT_STANDARD_LIBRARIES = YES;
				CODE_SIGN_STYLE = Automatic;
				CURRENT_PROJECT_VERSION = 1;
				GENERATE_INFOPLIST_FILE = YES;
				MARKETING_VERSION = 1.0;
				PRODUCT_BUNDLE_IDENTIFIER = mufyaheer.dev.ScrumdingerUITests;
				PRODUCT_NAME = "$(TARGET_NAME)";
				SWIFT_EMIT_LOC_STRINGS = NO;
				SWIFT_VERSION = 5.0;
				TARGETED_DEVICE_FAMILY = "1,2";
				TEST_TARGET_NAME = Scrumdinger;
			};
			name = Release;
		};
/* End XCBuildConfiguration section */

/* Begin XCConfigurationList section */
		96C1AACE2C3C0D9200DFB8B3 /* Build configuration list for PBXProject "Scrumdinger" */ = {
			isa = XCConfigurationList;
			buildConfigurations = (
				96C1AAF52C3C0D9400DFB8B3 /* Debug */,
				96C1AAF62C3C0D9400DFB8B3 /* Release */,
			);
			defaultConfigurationIsVisible = 0;
			defaultConfigurationName = Release;
		};
		96C1AAF72C3C0D9400DFB8B3 /* Build configuration list for PBXNativeTarget "Scrumdinger" */ = {
			isa = XCConfigurationList;
			buildConfigurations = (
				96C1AAF82C3C0D9400DFB8B3 /* Debug */,
				96C1AAF92C3C0D9400DFB8B3 /* Release */,
			);
			defaultConfigurationIsVisible = 0;
			defaultConfigurationName = Release;
		};
		96C1AAFA2C3C0D9400DFB8B3 /* Build configuration list for PBXNativeTarget "ScrumdingerTests" */ = {
			isa = XCConfigurationList;
			buildConfigurations = (
				96C1AAFB2C3C0D9400DFB8B3 /* Debug */,
				96C1AAFC2C3C0D9400DFB8B3 /* Release */,
			);
			defaultConfigurationIsVisible = 0;
			defaultConfigurationName = Release;
		};
		96C1AAFD2C3C0D9400DFB8B3 /* Build configuration list for PBXNativeTarget "ScrumdingerUITests" */ = {
			isa = XCConfigurationList;
			buildConfigurations = (
				96C1AAFE2C3C0D9400DFB8B3 /* Debug */,
				96C1AAFF2C3C0D9400DFB8B3 /* Release */,
			);
			defaultConfigurationIsVisible = 0;
			defaultConfigurationName = Release;
		};
/* End XCConfigurationList section */
	};
	rootObject = 96C1AACB2C3C0D9200DFB8B3 /* Project object */;
}
